
Microsoft Visual Studio Solution File, Format Version 12.00
# Visual Studio Version 17
VisualStudioVersion = 17.8.34511.84
MinimumVisualStudioVersion = 10.0.40219.1
Project("{FAE04EC0-301F-11D3-BF4B-00C04F79EFBC}") = "Aioi", "Aioi.csproj", "{CE1B1232-4042-43A2-AFE1-F34DEB53E18B}"
EndProject
Global
	GlobalSection(SolutionConfigurationPlatforms) = preSolution
		Debug|Any CPU = Debug|Any CPU
		Release|Any CPU = Release|Any CPU
	EndGlobalSection
	GlobalSection(ProjectConfigurationPlatforms) = postSolution
		{CE1B1232-4042-43A2-AFE1-F34DEB53E18B}.Debug|Any CPU.ActiveCfg = Debug|Any CPU
		{CE1B1232-4042-43A2-AFE1-F34DEB53E18B}.Debug|Any CPU.Build.0 = Debug|Any CPU
		{CE1B1232-4042-43A2-AFE1-F34DEB53E18B}.Release|Any CPU.ActiveCfg = Release|Any CPU
		{CE1B1232-4042-43A2-AFE1-F34DEB53E18B}.Release|Any CPU.Build.0 = Release|Any CPU
	EndGlobalSection
	GlobalSection(SolutionProperties) = preSolution
		HideSolutionNode = FALSE
	EndGlobalSection
	GlobalSection(ExtensibilityGlobals) = postSolution
		SolutionGuid = {FF4FC363-1BC4-4ED2-AFF8-D787A986B168}
	EndGlobalSection
EndGlobal
